
Microsoft Visual Studio Solution File, Format Version 12.00
# Visual Studio Version 18
VisualStudioVersion = 18.4.11506.43 insiders
MinimumVisualStudioVersion = 10.0.40219.1
Project("{FAE04EC0-301F-11D3-BF4B-00C04F79EFBC}") = "AbstractFactory", "AbstractFactory.csproj", "{35FA8DA7-BDD9-ED58-BB50-702EE55335FD}"
EndProject
Global
	GlobalSection(SolutionConfigurationPlatforms) = preSolution
		Debug|Any CPU = Debug|Any CPU
		Release|Any CPU = Release|Any CPU
	EndGlobalSection
	GlobalSection(ProjectConfigurationPlatforms) = postSolution
		{35FA8DA7-BDD9-ED58-BB50-702EE55335FD}.Debug|Any CPU.ActiveCfg = Debug|Any CPU
		{35FA8DA7-BDD9-ED58-BB50-702EE55335FD}.Debug|Any CPU.Build.0 = Debug|Any CPU
		{35FA8DA7-BDD9-ED58-BB50-702EE55335FD}.Release|Any CPU.ActiveCfg = Release|Any CPU
		{35FA8DA7-BDD9-ED58-BB50-702EE55335FD}.Release|Any CPU.Build.0 = Release|Any CPU
	EndGlobalSection
	GlobalSection(SolutionProperties) = preSolution
		HideSolutionNode = FALSE
	EndGlobalSection
	GlobalSection(ExtensibilityGlobals) = postSolution
		SolutionGuid = {A19A6ABA-9AB0-4339-BD20-8F32E8296E46}
	EndGlobalSection
EndGlobal
